
Microsoft Visual Studio Solution File, Format Version 11.00
# Visual Studio 2010
Project("{FAE04EC0-301F-11D3-BF4B-00C04F79EFBC}") = "Language Learning", "Assembly-CSharp-firstpass.csproj", "{B77329F0-B2F2-A128-67E8-8645B1A1C082}"
EndProject
Project("{FAE04EC0-301F-11D3-BF4B-00C04F79EFBC}") = "Language Learning", "Assembly-CSharp.csproj", "{04745803-376B-19F5-8A37-32F9BBB23EA9}"
EndProject
Project("{FAE04EC0-301F-11D3-BF4B-00C04F79EFBC}") = "Language Learning", "Assembly-CSharp-Editor.csproj", "{ABC354F3-C9B7-2D3D-D9F5-2174C63005B1}"
EndProject
Global
	GlobalSection(SolutionConfigurationPlatforms) = preSolution
		Debug|Any CPU = Debug|Any CPU
		Release|Any CPU = Release|Any CPU
	EndGlobalSection
	GlobalSection(ProjectConfigurationPlatforms) = postSolution
		{B77329F0-B2F2-A128-67E8-8645B1A1C082}.Debug|Any CPU.ActiveCfg = Debug|Any CPU
		{B77329F0-B2F2-A128-67E8-8645B1A1C082}.Debug|Any CPU.Build.0 = Debug|Any CPU
		{B77329F0-B2F2-A128-67E8-8645B1A1C082}.Release|Any CPU.ActiveCfg = Release|Any CPU
		{B77329F0-B2F2-A128-67E8-8645B1A1C082}.Release|Any CPU.Build.0 = Release|Any CPU
		{04745803-376B-19F5-8A37-32F9BBB23EA9}.Debug|Any CPU.ActiveCfg = Debug|Any CPU
		{04745803-376B-19F5-8A37-32F9BBB23EA9}.Debug|Any CPU.Build.0 = Debug|Any CPU
		{04745803-376B-19F5-8A37-32F9BBB23EA9}.Release|Any CPU.ActiveCfg = Release|Any CPU
		{04745803-376B-19F5-8A37-32F9BBB23EA9}.Release|Any CPU.Build.0 = Release|Any CPU
		{ABC354F3-C9B7-2D3D-D9F5-2174C63005B1}.Debug|Any CPU.ActiveCfg = Debug|Any CPU
		{ABC354F3-C9B7-2D3D-D9F5-2174C63005B1}.Debug|Any CPU.Build.0 = Debug|Any CPU
		{ABC354F3-C9B7-2D3D-D9F5-2174C63005B1}.Release|Any CPU.ActiveCfg = Release|Any CPU
		{ABC354F3-C9B7-2D3D-D9F5-2174C63005B1}.Release|Any CPU.Build.0 = Release|Any CPU
	EndGlobalSection
	GlobalSection(SolutionProperties) = preSolution
		HideSolutionNode = FALSE
	EndGlobalSection
	GlobalSection(MonoDevelopProperties) = preSolution
		StartupItem = Assembly-CSharp.csproj
	EndGlobalSection
EndGlobal
